
Microsoft Visual Studio Solution File, Format Version 12.00
# Visual Studio Version 17
VisualStudioVersion = 17.7.34009.444
MinimumVisualStudioVersion = 10.0.40219.1
Project("{FAE04EC0-301F-11D3-BF4B-00C04F79EFBC}") = "RPG小游戏", "RPG小游戏\RPG小游戏.csproj", "{74BB20BE-E45E-475A-BFE9-C786F1E54B41}"
EndProject
Global
	GlobalSection(SolutionConfigurationPlatforms) = preSolution
		Debug|Any CPU = Debug|Any CPU
		Release|Any CPU = Release|Any CPU
	EndGlobalSection
	GlobalSection(ProjectConfigurationPlatforms) = postSolution
		{74BB20BE-E45E-475A-BFE9-C786F1E54B41}.Debug|Any CPU.ActiveCfg = Debug|Any CPU
		{74BB20BE-E45E-475A-BFE9-C786F1E54B41}.Debug|Any CPU.Build.0 = Debug|Any CPU
		{74BB20BE-E45E-475A-BFE9-C786F1E54B41}.Release|Any CPU.ActiveCfg = Release|Any CPU
		{74BB20BE-E45E-475A-BFE9-C786F1E54B41}.Release|Any CPU.Build.0 = Release|Any CPU
	EndGlobalSection
	GlobalSection(SolutionProperties) = preSolution
		HideSolutionNode = FALSE
	EndGlobalSection
	GlobalSection(ExtensibilityGlobals) = postSolution
		SolutionGuid = {D2FC189D-678D-415B-A34D-5BCC4A6234DF}
	EndGlobalSection
EndGlobal
